
Microsoft Visual Studio Solution File, Format Version 12.00
# Visual Studio Version 17
VisualStudioVersion = 17.7.34302.85
MinimumVisualStudioVersion = 10.0.40219.1
Project("{FAE04EC0-301F-11D3-BF4B-00C04F79EFBC}") = "Mars_CompetitionTask", "Mars_CompetitionTask\Mars_CompetitionTask.csproj", "{9BAB97B3-1D36-4CF7-9C66-EE076B263FCA}"
EndProject
Global
	GlobalSection(SolutionConfigurationPlatforms) = preSolution
		Debug|Any CPU = Debug|Any CPU
		Release|Any CPU = Release|Any CPU
	EndGlobalSection
	GlobalSection(ProjectConfigurationPlatforms) = postSolution
		{9BAB97B3-1D36-4CF7-9C66-EE076B263FCA}.Debug|Any CPU.ActiveCfg = Debug|Any CPU
		{9BAB97B3-1D36-4CF7-9C66-EE076B263FCA}.Debug|Any CPU.Build.0 = Debug|Any CPU
		{9BAB97B3-1D36-4CF7-9C66-EE076B263FCA}.Release|Any CPU.ActiveCfg = Release|Any CPU
		{9BAB97B3-1D36-4CF7-9C66-EE076B263FCA}.Release|Any CPU.Build.0 = Release|Any CPU
	EndGlobalSection
	GlobalSection(SolutionProperties) = preSolution
		HideSolutionNode = FALSE
	EndGlobalSection
	GlobalSection(ExtensibilityGlobals) = postSolution
		SolutionGuid = {10DE0852-AA5A-4F94-A0A4-F6999671692A}
	EndGlobalSection
EndGlobal
